
Microsoft Visual Studio Solution File, Format Version 12.00
# Visual Studio Version 17
VisualStudioVersion = 17.0.31903.59
MinimumVisualStudioVersion = 10.0.40219.1
Project("{2150E333-8FDC-42A3-9474-1A3956D46DE8}") = "src", "src", "{BDF15DD9-2F36-4B03-8D8A-DAA335527378}"
EndProject
Project("{FAE04EC0-301F-11D3-BF4B-00C04F79EFBC}") = "AITerminal.HybridUI", "src\AITerminal.HybridUI\AITerminal.HybridUI.csproj", "{CE247882-3141-4EDF-96C7-556A84FC4B8B}"
EndProject
Global
	GlobalSection(SolutionConfigurationPlatforms) = preSolution
		Debug|Any CPU = Debug|Any CPU
		Release|Any CPU = Release|Any CPU
	EndGlobalSection
	GlobalSection(ProjectConfigurationPlatforms) = postSolution
		{CE247882-3141-4EDF-96C7-556A84FC4B8B}.Debug|Any CPU.ActiveCfg = Debug|Any CPU
		{CE247882-3141-4EDF-96C7-556A84FC4B8B}.Debug|Any CPU.Build.0 = Debug|Any CPU
		{CE247882-3141-4EDF-96C7-556A84FC4B8B}.Release|Any CPU.ActiveCfg = Release|Any CPU
		{CE247882-3141-4EDF-96C7-556A84FC4B8B}.Release|Any CPU.Build.0 = Release|Any CPU
	EndGlobalSection
	GlobalSection(SolutionProperties) = preSolution
		HideSolutionNode = FALSE
	EndGlobalSection
	GlobalSection(NestedProjects) = preSolution
		{CE247882-3141-4EDF-96C7-556A84FC4B8B} = {BDF15DD9-2F36-4B03-8D8A-DAA335527378}
	EndGlobalSection
EndGlobal
